// !$*UTF8*$!
{
	archiveVersion = 1;
	classes = {
	};
	objectVersion = 46;
	objects = {

/* Begin PBXBuildFile section */
		E54E6C0A1B406C12003B3E53 /* GridViewController.swift in Sources */ = {isa = PBXBuildFile; fileRef = E54E6C091B406C12003B3E53 /* GridViewController.swift */; };
		E54E6C0C1B40D3AF003B3E53 /* UserSettingsViewController.swift in Sources */ = {isa = PBXBuildFile; fileRef = E54E6C0B1B40D3AF003B3E53 /* UserSettingsViewController.swift */; };
		E55C85B81B2CAF090063B75E /* NewAccountViewController.swift in Sources */ = {isa = PBXBuildFile; fileRef = E55C85B71B2CAF090063B75E /* NewAccountViewController.swift */; };
		E597B90B1B37241400D84514 /* ErrorViewController.swift in Sources */ = {isa = PBXBuildFile; fileRef = E597B90A1B37241400D84514 /* ErrorViewController.swift */; };
		E59B08C91B22974F009B50D4 /* AppDelegate.swift in Sources */ = {isa = PBXBuildFile; fileRef = E59B08C81B22974F009B50D4 /* AppDelegate.swift */; };
		E59B08CC1B22974F009B50D4 /* GarageOpener.xcdatamodeld in Sources */ = {isa = PBXBuildFile; fileRef = E59B08CA1B22974F009B50D4 /* GarageOpener.xcdatamodeld */; };
		E59B08CE1B22974F009B50D4 /* MainViewController.swift in Sources */ = {isa = PBXBuildFile; fileRef = E59B08CD1B22974F009B50D4 /* MainViewController.swift */; };
		E59B08D11B22974F009B50D4 /* Main.storyboard in Resources */ = {isa = PBXBuildFile; fileRef = E59B08CF1B22974F009B50D4 /* Main.storyboard */; };
		E59B08D31B22974F009B50D4 /* Images.xcassets in Resources */ = {isa = PBXBuildFile; fileRef = E59B08D21B22974F009B50D4 /* Images.xcassets */; };
		E59B08D61B22974F009B50D4 /* LaunchScreen.xib in Resources */ = {isa = PBXBuildFile; fileRef = E59B08D41B22974F009B50D4 /* LaunchScreen.xib */; };
		E59B08E21B22974F009B50D4 /* GarageOpenerTests.swift in Sources */ = {isa = PBXBuildFile; fileRef = E59B08E11B22974F009B50D4 /* GarageOpenerTests.swift */; };
		E59B08F41B23FA6F009B50D4 /* Http.swift in Sources */ = {isa = PBXBuildFile; fileRef = E59B08F31B23FA6F009B50D4 /* Http.swift */; };
		E59B08F61B24B94B009B50D4 /* SwiftJSON.swift in Sources */ = {isa = PBXBuildFile; fileRef = E59B08F51B24B94B009B50D4 /* SwiftJSON.swift */; };
		E59B08FA1B24E539009B50D4 /* GarageDoorViewController.swift in Sources */ = {isa = PBXBuildFile; fileRef = E59B08F91B24E539009B50D4 /* GarageDoorViewController.swift */; };
		E59BF4A11B3C694600DF65E1 /* NSData+GarageData.m in Sources */ = {isa = PBXBuildFile; fileRef = E59BF4A01B3C694600DF65E1 /* NSData+GarageData.m */; };
		E59BF4A31B3C877900DF65E1 /* LoginViewController.swift in Sources */ = {isa = PBXBuildFile; fileRef = E59BF4A21B3C877900DF65E1 /* LoginViewController.swift */; };
		E5A3F1F51B3F1F140031EDA8 /* ResetPasswordViewController.swift in Sources */ = {isa = PBXBuildFile; fileRef = E5A3F1F41B3F1F140031EDA8 /* ResetPasswordViewController.swift */; };
		E5D36DF41B24FE19004B675F /* Settings.bundle in Resources */ = {isa = PBXBuildFile; fileRef = E5D36DF31B24FE19004B675F /* Settings.bundle */; };
		E5D36DF61B2644A9004B675F /* AppSettings.swift in Sources */ = {isa = PBXBuildFile; fileRef = E5D36DF51B2644A9004B675F /* AppSettings.swift */; };
		E5DB28C61B2DFE6600B3C093 /* Bolts.framework in Frameworks */ = {isa = PBXBuildFile; fileRef = E5DB28C51B2DFE6600B3C093 /* Bolts.framework */; };
		E5DB28C81B2DFE7100B3C093 /* Parse.framework in Frameworks */ = {isa = PBXBuildFile; fileRef = E5DB28C71B2DFE7100B3C093 /* Parse.framework */; };
		E5DB28CA1B2DFF2000B3C093 /* AudioToolbox.framework in Frameworks */ = {isa = PBXBuildFile; fileRef = E5DB28C91B2DFF2000B3C093 /* AudioToolbox.framework */; };
		E5DB28CC1B2DFF2900B3C093 /* CFNetwork.framework in Frameworks */ = {isa = PBXBuildFile; fileRef = E5DB28CB1B2DFF2900B3C093 /* CFNetwork.framework */; };
		E5DB28CE1B2DFF4E00B3C093 /* CoreGraphics.framework in Frameworks */ = {isa = PBXBuildFile; fileRef = E5DB28CD1B2DFF4E00B3C093 /* CoreGraphics.framework */; };
		E5DB28D01B2DFF5800B3C093 /* CoreLocation.framework in Frameworks */ = {isa = PBXBuildFile; fileRef = E5DB28CF1B2DFF5800B3C093 /* CoreLocation.framework */; };
		E5DB28D21B2DFF6100B3C093 /* MobileCoreServices.framework in Frameworks */ = {isa = PBXBuildFile; fileRef = E5DB28D11B2DFF6100B3C093 /* MobileCoreServices.framework */; };
		E5DB28D41B2DFF6900B3C093 /* QuartzCore.framework in Frameworks */ = {isa = PBXBuildFile; fileRef = E5DB28D31B2DFF6900B3C093 /* QuartzCore.framework */; };
		E5DB28D61B2DFF7100B3C093 /* Security.framework in Frameworks */ = {isa = PBXBuildFile; fileRef = E5DB28D51B2DFF7100B3C093 /* Security.framework */; };
		E5DB28D81B2DFF7700B3C093 /* StoreKit.framework in Frameworks */ = {isa = PBXBuildFile; fileRef = E5DB28D71B2DFF7700B3C093 /* StoreKit.framework */; };
		E5DB28DA1B2DFF8000B3C093 /* SystemConfiguration.framework in Frameworks */ = {isa = PBXBuildFile; fileRef = E5DB28D91B2DFF8000B3C093 /* SystemConfiguration.framework */; };
		E5DB28DC1B2DFF8C00B3C093 /* libz.dylib in Frameworks */ = {isa = PBXBuildFile; fileRef = E5DB28DB1B2DFF8C00B3C093 /* libz.dylib */; };
		E5DB28DE1B2DFFA000B3C093 /* libsqlite3.dylib in Frameworks */ = {isa = PBXBuildFile; fileRef = E5DB28DD1B2DFFA000B3C093 /* libsqlite3.dylib */; };
		E5DB28E01B2DFFA800B3C093 /* Accounts.framework in Frameworks */ = {isa = PBXBuildFile; fileRef = E5DB28DF1B2DFFA800B3C093 /* Accounts.framework */; };
		E5DB28E21B2DFFAE00B3C093 /* Social.framework in Frameworks */ = {isa = PBXBuildFile; fileRef = E5DB28E11B2DFFAE00B3C093 /* Social.framework */; };
		E5DB28E61B31419000B3C093 /* AvatarViewController.swift in Sources */ = {isa = PBXBuildFile; fileRef = E5DB28E51B31419000B3C093 /* AvatarViewController.swift */; };
		E5F9DBC31B3A73FB00C2404F /* Secrets.plist in Resources */ = {isa = PBXBuildFile; fileRef = E5F9DBC21B3A73FB00C2404F /* Secrets.plist */; };
/* End PBXBuildFile section */

/* Begin PBXContainerItemProxy section */
		E59B08DC1B22974F009B50D4 /* PBXContainerItemProxy */ = {
			isa = PBXContainerItemProxy;
			containerPortal = E59B08BB1B22974F009B50D4 /* Project object */;
			proxyType = 1;
			remoteGlobalIDString = E59B08C21B22974F009B50D4;
			remoteInfo = GarageOpener;
		};
/* End PBXContainerItemProxy section */

/* Begin PBXFileReference section */
		E54E6C091B406C12003B3E53 /* GridViewController.swift */ = {isa = PBXFileReference; fileEncoding = 4; lastKnownFileType = sourcecode.swift; path = GridViewController.swift; sourceTree = "<group>"; };
		E54E6C0B1B40D3AF003B3E53 /* UserSettingsViewController.swift */ = {isa = PBXFileReference; fileEncoding = 4; lastKnownFileType = sourcecode.swift; path = UserSettingsViewController.swift; sourceTree = "<group>"; };
		E55C85B71B2CAF090063B75E /* NewAccountViewController.swift */ = {isa = PBXFileReference; fileEncoding = 4; lastKnownFileType = sourcecode.swift; path = NewAccountViewController.swift; sourceTree = "<group>"; };
		E597B90A1B37241400D84514 /* ErrorViewController.swift */ = {isa = PBXFileReference; fileEncoding = 4; lastKnownFileType = sourcecode.swift; path = ErrorViewController.swift; sourceTree = "<group>"; };
		E59B08C31B22974F009B50D4 /* GarageOpener.app */ = {isa = PBXFileReference; explicitFileType = wrapper.application; includeInIndex = 0; path = GarageOpener.app; sourceTree = BUILT_PRODUCTS_DIR; };
		E59B08C71B22974F009B50D4 /* Info.plist */ = {isa = PBXFileReference; lastKnownFileType = text.plist.xml; path = Info.plist; sourceTree = "<group>"; };
		E59B08C81B22974F009B50D4 /* AppDelegate.swift */ = {isa = PBXFileReference; lastKnownFileType = sourcecode.swift; path = AppDelegate.swift; sourceTree = "<group>"; };
		E59B08CB1B22974F009B50D4 /* GarageOpener.xcdatamodel */ = {isa = PBXFileReference; lastKnownFileType = wrapper.xcdatamodel; path = GarageOpener.xcdatamodel; sourceTree = "<group>"; };
		E59B08CD1B22974F009B50D4 /* MainViewController.swift */ = {isa = PBXFileReference; lastKnownFileType = sourcecode.swift; path = MainViewController.swift; sourceTree = "<group>"; };
		E59B08D01B22974F009B50D4 /* Base */ = {isa = PBXFileReference; lastKnownFileType = file.storyboard; name = Base; path = Base.lproj/Main.storyboard; sourceTree = "<group>"; };
		E59B08D21B22974F009B50D4 /* Images.xcassets */ = {isa = PBXFileReference; lastKnownFileType = folder.assetcatalog; path = Images.xcassets; sourceTree = "<group>"; };
		E59B08D51B22974F009B50D4 /* Base */ = {isa = PBXFileReference; lastKnownFileType = file.xib; name = Base; path = Base.lproj/LaunchScreen.xib; sourceTree = "<group>"; };
		E59B08DB1B22974F009B50D4 /* GarageOpenerTests.xctest */ = {isa = PBXFileReference; explicitFileType = wrapper.cfbundle; includeInIndex = 0; path = GarageOpenerTests.xctest; sourceTree = BUILT_PRODUCTS_DIR; };
		E59B08E01B22974F009B50D4 /* Info.plist */ = {isa = PBXFileReference; lastKnownFileType = text.plist.xml; path = Info.plist; sourceTree = "<group>"; };
		E59B08E11B22974F009B50D4 /* GarageOpenerTests.swift */ = {isa = PBXFileReference; lastKnownFileType = sourcecode.swift; path = GarageOpenerTests.swift; sourceTree = "<group>"; };
		E59B08F31B23FA6F009B50D4 /* Http.swift */ = {isa = PBXFileReference; fileEncoding = 4; lastKnownFileType = sourcecode.swift; path = Http.swift; sourceTree = "<group>"; };
		E59B08F51B24B94B009B50D4 /* SwiftJSON.swift */ = {isa = PBXFileReference; fileEncoding = 4; lastKnownFileType = sourcecode.swift; path = SwiftJSON.swift; sourceTree = "<group>"; };
		E59B08F91B24E539009B50D4 /* GarageDoorViewController.swift */ = {isa = PBXFileReference; fileEncoding = 4; lastKnownFileType = sourcecode.swift; path = GarageDoorViewController.swift; sourceTree = "<group>"; };
		E59BF49E1B3C694500DF65E1 /* GarageOpener-Bridging-Header.h */ = {isa = PBXFileReference; lastKnownFileType = sourcecode.c.h; path = "GarageOpener-Bridging-Header.h"; sourceTree = "<group>"; };
		E59BF49F1B3C694600DF65E1 /* NSData+GarageData.h */ = {isa = PBXFileReference; fileEncoding = 4; lastKnownFileType = sourcecode.c.h; path = "NSData+GarageData.h"; sourceTree = "<group>"; };
		E59BF4A01B3C694600DF65E1 /* NSData+GarageData.m */ = {isa = PBXFileReference; fileEncoding = 4; lastKnownFileType = sourcecode.c.objc; path = "NSData+GarageData.m"; sourceTree = "<group>"; };
		E59BF4A21B3C877900DF65E1 /* LoginViewController.swift */ = {isa = PBXFileReference; fileEncoding = 4; lastKnownFileType = sourcecode.swift; path = LoginViewController.swift; sourceTree = "<group>"; };
		E5A3F1F41B3F1F140031EDA8 /* ResetPasswordViewController.swift */ = {isa = PBXFileReference; fileEncoding = 4; lastKnownFileType = sourcecode.swift; path = ResetPasswordViewController.swift; sourceTree = "<group>"; };
		E5D36DF31B24FE19004B675F /* Settings.bundle */ = {isa = PBXFileReference; lastKnownFileType = "wrapper.plug-in"; path = Settings.bundle; sourceTree = "<group>"; };
		E5D36DF51B2644A9004B675F /* AppSettings.swift */ = {isa = PBXFileReference; fileEncoding = 4; lastKnownFileType = sourcecode.swift; path = AppSettings.swift; sourceTree = "<group>"; };
		E5DB28C51B2DFE6600B3C093 /* Bolts.framework */ = {isa = PBXFileReference; lastKnownFileType = wrapper.framework; path = Bolts.framework; sourceTree = "<group>"; };
		E5DB28C71B2DFE7100B3C093 /* Parse.framework */ = {isa = PBXFileReference; lastKnownFileType = wrapper.framework; path = Parse.framework; sourceTree = "<group>"; };
		E5DB28C91B2DFF2000B3C093 /* AudioToolbox.framework */ = {isa = PBXFileReference; lastKnownFileType = wrapper.framework; name = AudioToolbox.framework; path = System/Library/Frameworks/AudioToolbox.framework; sourceTree = SDKROOT; };
		E5DB28CB1B2DFF2900B3C093 /* CFNetwork.framework */ = {isa = PBXFileReference; lastKnownFileType = wrapper.framework; name = CFNetwork.framework; path = System/Library/Frameworks/CFNetwork.framework; sourceTree = SDKROOT; };
		E5DB28CD1B2DFF4E00B3C093 /* CoreGraphics.framework */ = {isa = PBXFileReference; lastKnownFileType = wrapper.framework; name = CoreGraphics.framework; path = System/Library/Frameworks/CoreGraphics.framework; sourceTree = SDKROOT; };
		E5DB28CF1B2DFF5800B3C093 /* CoreLocation.framework */ = {isa = PBXFileReference; lastKnownFileType = wrapper.framework; name = CoreLocation.framework; path = System/Library/Frameworks/CoreLocation.framework; sourceTree = SDKROOT; };
		E5DB28D11B2DFF6100B3C093 /* MobileCoreServices.framework */ = {isa = PBXFileReference; lastKnownFileType = wrapper.framework; name = MobileCoreServices.framework; path = System/Library/Frameworks/MobileCoreServices.framework; sourceTree = SDKROOT; };
		E5DB28D31B2DFF6900B3C093 /* QuartzCore.framework */ = {isa = PBXFileReference; lastKnownFileType = wrapper.framework; name = QuartzCore.framework; path = System/Library/Frameworks/QuartzCore.framework; sourceTree = SDKROOT; };
		E5DB28D51B2DFF7100B3C093 /* Security.framework */ = {isa = PBXFileReference; lastKnownFileType = wrapper.framework; name = Security.framework; path = System/Library/Frameworks/Security.framework; sourceTree = SDKROOT; };
		E5DB28D71B2DFF7700B3C093 /* StoreKit.framework */ = {isa = PBXFileReference; lastKnownFileType = wrapper.framework; name = StoreKit.framework; path = System/Library/Frameworks/StoreKit.framework; sourceTree = SDKROOT; };
		E5DB28D91B2DFF8000B3C093 /* SystemConfiguration.framework */ = {isa = PBXFileReference; lastKnownFileType = wrapper.framework; name = SystemConfiguration.framework; path = System/Library/Frameworks/SystemConfiguration.framework; sourceTree = SDKROOT; };
		E5DB28DB1B2DFF8C00B3C093 /* libz.dylib */ = {isa = PBXFileReference; lastKnownFileType = "compiled.mach-o.dylib"; name = libz.dylib; path = usr/lib/libz.dylib; sourceTree = SDKROOT; };
		E5DB28DD1B2DFFA000B3C093 /* libsqlite3.dylib */ = {isa = PBXFileReference; lastKnownFileType = "compiled.mach-o.dylib"; name = libsqlite3.dylib; path = usr/lib/libsqlite3.dylib; sourceTree = SDKROOT; };
		E5DB28DF1B2DFFA800B3C093 /* Accounts.framework */ = {isa = PBXFileReference; lastKnownFileType = wrapper.framework; name = Accounts.framework; path = System/Library/Frameworks/Accounts.framework; sourceTree = SDKROOT; };
		E5DB28E11B2DFFAE00B3C093 /* Social.framework */ = {isa = PBXFileReference; lastKnownFileType = wrapper.framework; name = Social.framework; path = System/Library/Frameworks/Social.framework; sourceTree = SDKROOT; };
		E5DB28E51B31419000B3C093 /* AvatarViewController.swift */ = {isa = PBXFileReference; fileEncoding = 4; lastKnownFileType = sourcecode.swift; path = AvatarViewController.swift; sourceTree = "<group>"; };
		E5F9DBC21B3A73FB00C2404F /* Secrets.plist */ = {isa = PBXFileReference; fileEncoding = 4; lastKnownFileType = text.plist.xml; path = Secrets.plist; sourceTree = "<group>"; };
/* End PBXFileReference section */

/* Begin PBXFrameworksBuildPhase section */
		E59B08C01B22974F009B50D4 /* Frameworks */ = {
			isa = PBXFrameworksBuildPhase;
			buildActionMask = 2147483647;
			files = (
				E5DB28E21B2DFFAE00B3C093 /* Social.framework in Frameworks */,
				E5DB28E01B2DFFA800B3C093 /* Accounts.framework in Frameworks */,
				E5DB28DE1B2DFFA000B3C093 /* libsqlite3.dylib in Frameworks */,
				E5DB28DC1B2DFF8C00B3C093 /* libz.dylib in Frameworks */,
				E5DB28DA1B2DFF8000B3C093 /* SystemConfiguration.framework in Frameworks */,
				E5DB28D81B2DFF7700B3C093 /* StoreKit.framework in Frameworks */,
				E5DB28D61B2DFF7100B3C093 /* Security.framework in Frameworks */,
				E5DB28D41B2DFF6900B3C093 /* QuartzCore.framework in Frameworks */,
				E5DB28D21B2DFF6100B3C093 /* MobileCoreServices.framework in Frameworks */,
				E5DB28D01B2DFF5800B3C093 /* CoreLocation.framework in Frameworks */,
				E5DB28CE1B2DFF4E00B3C093 /* CoreGraphics.framework in Frameworks */,
				E5DB28CC1B2DFF2900B3C093 /* CFNetwork.framework in Frameworks */,
				E5DB28CA1B2DFF2000B3C093 /* AudioToolbox.framework in Frameworks */,
				E5DB28C81B2DFE7100B3C093 /* Parse.framework in Frameworks */,
				E5DB28C61B2DFE6600B3C093 /* Bolts.framework in Frameworks */,
			);
			runOnlyForDeploymentPostprocessing = 0;
		};
		E59B08D81B22974F009B50D4 /* Frameworks */ = {
			isa = PBXFrameworksBuildPhase;
			buildActionMask = 2147483647;
			files = (
			);
			runOnlyForDeploymentPostprocessing = 0;
		};
/* End PBXFrameworksBuildPhase section */

/* Begin PBXGroup section */
		E59B08BA1B22974F009B50D4 = {
			isa = PBXGroup;
			children = (
				E59B08C51B22974F009B50D4 /* GarageOpener */,
				E59B08DE1B22974F009B50D4 /* GarageOpenerTests */,
				E59B08C41B22974F009B50D4 /* Products */,
			);
			sourceTree = "<group>";
		};
		E59B08C41B22974F009B50D4 /* Products */ = {
			isa = PBXGroup;
			children = (
				E59B08C31B22974F009B50D4 /* GarageOpener.app */,
				E59B08DB1B22974F009B50D4 /* GarageOpenerTests.xctest */,
			);
			name = Products;
			sourceTree = "<group>";
		};
		E59B08C51B22974F009B50D4 /* GarageOpener */ = {
			isa = PBXGroup;
			children = (
				E5CC37DB1B3484AF00FE8F18 /* Helpers */,
				E5E8BE901B34C18C006EB7D7 /* ViewControllers */,
				E59B08C81B22974F009B50D4 /* AppDelegate.swift */,
				E59B08C61B22974F009B50D4 /* Supporting Files */,
				E59BF49F1B3C694600DF65E1 /* NSData+GarageData.h */,
				E59BF4A01B3C694600DF65E1 /* NSData+GarageData.m */,
				E59BF49E1B3C694500DF65E1 /* GarageOpener-Bridging-Header.h */,
			);
			path = GarageOpener;
			sourceTree = "<group>";
		};
		E59B08C61B22974F009B50D4 /* Supporting Files */ = {
			isa = PBXGroup;
			children = (
				E5DB28E41B30EE4E00B3C093 /* ParseSDK */,
				E5DB28E31B30EE1900B3C093 /* Frameworks */,
				E5D36DF31B24FE19004B675F /* Settings.bundle */,
				E59B08D21B22974F009B50D4 /* Images.xcassets */,
				E59B08F51B24B94B009B50D4 /* SwiftJSON.swift */,
				E59B08D41B22974F009B50D4 /* LaunchScreen.xib */,
				E59B08CA1B22974F009B50D4 /* GarageOpener.xcdatamodeld */,
				E59B08C71B22974F009B50D4 /* Info.plist */,
				E5F9DBC21B3A73FB00C2404F /* Secrets.plist */,
			);
			name = "Supporting Files";
			sourceTree = "<group>";
		};
		E59B08DE1B22974F009B50D4 /* GarageOpenerTests */ = {
			isa = PBXGroup;
			children = (
				E59B08E11B22974F009B50D4 /* GarageOpenerTests.swift */,
				E59B08DF1B22974F009B50D4 /* Supporting Files */,
			);
			path = GarageOpenerTests;
			sourceTree = "<group>";
		};
		E59B08DF1B22974F009B50D4 /* Supporting Files */ = {
			isa = PBXGroup;
			children = (
				E59B08E01B22974F009B50D4 /* Info.plist */,
			);
			name = "Supporting Files";
			sourceTree = "<group>";
		};
		E5CC37DB1B3484AF00FE8F18 /* Helpers */ = {
			isa = PBXGroup;
			children = (
				E59B08F31B23FA6F009B50D4 /* Http.swift */,
				E5D36DF51B2644A9004B675F /* AppSettings.swift */,
			);
			name = Helpers;
			sourceTree = "<group>";
		};
		E5DB28E31B30EE1900B3C093 /* Frameworks */ = {
			isa = PBXGroup;
			children = (
				E5DB28E11B2DFFAE00B3C093 /* Social.framework */,
				E5DB28DF1B2DFFA800B3C093 /* Accounts.framework */,
				E5DB28DD1B2DFFA000B3C093 /* libsqlite3.dylib */,
				E5DB28DB1B2DFF8C00B3C093 /* libz.dylib */,
				E5DB28D91B2DFF8000B3C093 /* SystemConfiguration.framework */,
				E5DB28D71B2DFF7700B3C093 /* StoreKit.framework */,
				E5DB28D51B2DFF7100B3C093 /* Security.framework */,
				E5DB28D31B2DFF6900B3C093 /* QuartzCore.framework */,
				E5DB28D11B2DFF6100B3C093 /* MobileCoreServices.framework */,
				E5DB28CF1B2DFF5800B3C093 /* CoreLocation.framework */,
				E5DB28CD1B2DFF4E00B3C093 /* CoreGraphics.framework */,
				E5DB28CB1B2DFF2900B3C093 /* CFNetwork.framework */,
				E5DB28C91B2DFF2000B3C093 /* AudioToolbox.framework */,
			);
			name = Frameworks;
			sourceTree = "<group>";
		};
		E5DB28E41B30EE4E00B3C093 /* ParseSDK */ = {
			isa = PBXGroup;
			children = (
				E5DB28C51B2DFE6600B3C093 /* Bolts.framework */,
				E5DB28C71B2DFE7100B3C093 /* Parse.framework */,
			);
			name = ParseSDK;
			sourceTree = "<group>";
		};
		E5E8BE901B34C18C006EB7D7 /* ViewControllers */ = {
			isa = PBXGroup;
			children = (
				E59B08CF1B22974F009B50D4 /* Main.storyboard */,
				E5DB28E51B31419000B3C093 /* AvatarViewController.swift */,
				E59B08CD1B22974F009B50D4 /* MainViewController.swift */,
				E59B08F91B24E539009B50D4 /* GarageDoorViewController.swift */,
				E55C85B71B2CAF090063B75E /* NewAccountViewController.swift */,
				E597B90A1B37241400D84514 /* ErrorViewController.swift */,
				E59BF4A21B3C877900DF65E1 /* LoginViewController.swift */,
				E5A3F1F41B3F1F140031EDA8 /* ResetPasswordViewController.swift */,
				E54E6C091B406C12003B3E53 /* GridViewController.swift */,
				E54E6C0B1B40D3AF003B3E53 /* UserSettingsViewController.swift */,
			);
			name = ViewControllers;
			sourceTree = "<group>";
		};
/* End PBXGroup section */

/* Begin PBXNativeTarget section */
		E59B08C21B22974F009B50D4 /* GarageOpener */ = {
			isa = PBXNativeTarget;
			buildConfigurationList = E59B08E51B22974F009B50D4 /* Build configuration list for PBXNativeTarget "GarageOpener" */;
			buildPhases = (
				E59B08BF1B22974F009B50D4 /* Sources */,
				E59B08C01B22974F009B50D4 /* Frameworks */,
				E59B08C11B22974F009B50D4 /* Resources */,
			);
			buildRules = (
			);
			dependencies = (
			);
			name = GarageOpener;
			productName = GarageOpener;
			productReference = E59B08C31B22974F009B50D4 /* GarageOpener.app */;
			productType = "com.apple.product-type.application";
		};
		E59B08DA1B22974F009B50D4 /* GarageOpenerTests */ = {
			isa = PBXNativeTarget;
			buildConfigurationList = E59B08E81B22974F009B50D4 /* Build configuration list for PBXNativeTarget "GarageOpenerTests" */;
			buildPhases = (
				E59B08D71B22974F009B50D4 /* Sources */,
				E59B08D81B22974F009B50D4 /* Frameworks */,
				E59B08D91B22974F009B50D4 /* Resources */,
			);
			buildRules = (
			);
			dependencies = (
				E59B08DD1B22974F009B50D4 /* PBXTargetDependency */,
			);
			name = GarageOpenerTests;
			productName = GarageOpenerTests;
			productReference = E59B08DB1B22974F009B50D4 /* GarageOpenerTests.xctest */;
			productType = "com.apple.product-type.bundle.unit-test";
		};
/* End PBXNativeTarget section */

/* Begin PBXProject section */
		E59B08BB1B22974F009B50D4 /* Project object */ = {
			isa = PBXProject;
			attributes = {
				LastUpgradeCheck = 0630;
				ORGANIZATIONNAME = "David Gatti";
				TargetAttributes = {
					E59B08C21B22974F009B50D4 = {
						CreatedOnToolsVersion = 6.3.2;
					};
					E59B08DA1B22974F009B50D4 = {
						CreatedOnToolsVersion = 6.3.2;
						TestTargetID = E59B08C21B22974F009B50D4;
					};
				};
			};
			buildConfigurationList = E59B08BE1B22974F009B50D4 /* Build configuration list for PBXProject "GarageOpener" */;
			compatibilityVersion = "Xcode 3.2";
			developmentRegion = English;
			hasScannedForEncodings = 0;
			knownRegions = (
				en,
				Base,
			);
			mainGroup = E59B08BA1B22974F009B50D4;
			productRefGroup = E59B08C41B22974F009B50D4 /* Products */;
			projectDirPath = "";
			projectRoot = "";
			targets = (
				E59B08C21B22974F009B50D4 /* GarageOpener */,
				E59B08DA1B22974F009B50D4 /* GarageOpenerTests */,
			);
		};
/* End PBXProject section */

/* Begin PBXResourcesBuildPhase section */
		E59B08C11B22974F009B50D4 /* Resources */ = {
			isa = PBXResourcesBuildPhase;
			buildActionMask = 2147483647;
			files = (
				E5F9DBC31B3A73FB00C2404F /* Secrets.plist in Resources */,
				E59B08D11B22974F009B50D4 /* Main.storyboard in Resources */,
				E5D36DF41B24FE19004B675F /* Settings.bundle in Resources */,
				E59B08D61B22974F009B50D4 /* LaunchScreen.xib in Resources */,
				E59B08D31B22974F009B50D4 /* Images.xcassets in Resources */,
			);
			runOnlyForDeploymentPostprocessing = 0;
		};
		E59B08D91B22974F009B50D4 /* Resources */ = {
			isa = PBXResourcesBuildPhase;
			buildActionMask = 2147483647;
			files = (
			);
			runOnlyForDeploymentPostprocessing = 0;
		};
/* End PBXResourcesBuildPhase section */

/* Begin PBXSourcesBuildPhase section */
		E59B08BF1B22974F009B50D4 /* Sources */ = {
			isa = PBXSourcesBuildPhase;
			buildActionMask = 2147483647;
			files = (
				E59BF4A31B3C877900DF65E1 /* LoginViewController.swift in Sources */,
				E54E6C0C1B40D3AF003B3E53 /* UserSettingsViewController.swift in Sources */,
				E59B08CE1B22974F009B50D4 /* MainViewController.swift in Sources */,
				E5D36DF61B2644A9004B675F /* AppSettings.swift in Sources */,
				E55C85B81B2CAF090063B75E /* NewAccountViewController.swift in Sources */,
				E5DB28E61B31419000B3C093 /* AvatarViewController.swift in Sources */,
				E59B08C91B22974F009B50D4 /* AppDelegate.swift in Sources */,
				E59B08CC1B22974F009B50D4 /* GarageOpener.xcdatamodeld in Sources */,
				E59B08F41B23FA6F009B50D4 /* Http.swift in Sources */,
				E59BF4A11B3C694600DF65E1 /* NSData+GarageData.m in Sources */,
				E5A3F1F51B3F1F140031EDA8 /* ResetPasswordViewController.swift in Sources */,
				E54E6C0A1B406C12003B3E53 /* GridViewController.swift in Sources */,
				E597B90B1B37241400D84514 /* ErrorViewController.swift in Sources */,
				E59B08F61B24B94B009B50D4 /* SwiftJSON.swift in Sources */,
				E59B08FA1B24E539009B50D4 /* GarageDoorViewController.swift in Sources */,
			);
			runOnlyForDeploymentPostprocessing = 0;
		};
		E59B08D71B22974F009B50D4 /* Sources */ = {
			isa = PBXSourcesBuildPhase;
			buildActionMask = 2147483647;
			files = (
				E59B08E21B22974F009B50D4 /* GarageOpenerTests.swift in Sources */,
			);
			runOnlyForDeploymentPostprocessing = 0;
		};
/* End PBXSourcesBuildPhase section */

/* Begin PBXTargetDependency section */
		E59B08DD1B22974F009B50D4 /* PBXTargetDependency */ = {
			isa = PBXTargetDependency;
			target = E59B08C21B22974F009B50D4 /* GarageOpener */;
			targetProxy = E59B08DC1B22974F009B50D4 /* PBXContainerItemProxy */;
		};
/* End PBXTargetDependency section */

/* Begin PBXVariantGroup section */
		E59B08CF1B22974F009B50D4 /* Main.storyboard */ = {
			isa = PBXVariantGroup;
			children = (
				E59B08D01B22974F009B50D4 /* Base */,
			);
			name = Main.storyboard;
			sourceTree = "<group>";
		};
		E59B08D41B22974F009B50D4 /* LaunchScreen.xib */ = {
			isa = PBXVariantGroup;
			children = (
				E59B08D51B22974F009B50D4 /* Base */,
			);
			name = LaunchScreen.xib;
			sourceTree = "<group>";
		};
/* End PBXVariantGroup section */

/* Begin XCBuildConfiguration section */
		E59B08E31B22974F009B50D4 /* Debug */ = {
			isa = XCBuildConfiguration;
			buildSettings = {
				ALWAYS_SEARCH_USER_PATHS = NO;
				CLANG_CXX_LANGUAGE_STANDARD = "gnu++0x";
				CLANG_CXX_LIBRARY = "libc++";
				CLANG_ENABLE_MODULES = YES;
				CLANG_ENABLE_OBJC_ARC = YES;
				CLANG_WARN_BOOL_CONVERSION = YES;
				CLANG_WARN_CONSTANT_CONVERSION = YES;
				CLANG_WARN_DIRECT_OBJC_ISA_USAGE = YES_ERROR;
				CLANG_WARN_EMPTY_BODY = YES;
				CLANG_WARN_ENUM_CONVERSION = YES;
				CLANG_WARN_INT_CONVERSION = YES;
				CLANG_WARN_OBJC_ROOT_CLASS = YES_ERROR;
				CLANG_WARN_UNREACHABLE_CODE = YES;
				CLANG_WARN__DUPLICATE_METHOD_MATCH = YES;
				"CODE_SIGN_IDENTITY[sdk=iphoneos*]" = "iPhone Developer";
				COPY_PHASE_STRIP = NO;
				DEBUG_INFORMATION_FORMAT = "dwarf-with-dsym";
				ENABLE_STRICT_OBJC_MSGSEND = YES;
				GCC_C_LANGUAGE_STANDARD = gnu99;
				GCC_DYNAMIC_NO_PIC = NO;
				GCC_NO_COMMON_BLOCKS = YES;
				GCC_OPTIMIZATION_LEVEL = 0;
				GCC_PREPROCESSOR_DEFINITIONS = (
					"DEBUG=1",
					"$(inherited)",
				);
				GCC_SYMBOLS_PRIVATE_EXTERN = NO;
				GCC_WARN_64_TO_32_BIT_CONVERSION = YES;
				GCC_WARN_ABOUT_RETURN_TYPE = YES_ERROR;
				GCC_WARN_UNDECLARED_SELECTOR = YES;
				GCC_WARN_UNINITIALIZED_AUTOS = YES_AGGRESSIVE;
				GCC_WARN_UNUSED_FUNCTION = YES;
				GCC_WARN_UNUSED_VARIABLE = YES;
				IPHONEOS_DEPLOYMENT_TARGET = 8.3;
				MTL_ENABLE_DEBUG_INFO = YES;
				ONLY_ACTIVE_ARCH = YES;
				SDKROOT = iphoneos;
				SWIFT_OPTIMIZATION_LEVEL = "-Onone";
				TARGETED_DEVICE_FAMILY = "1,2";
			};
			name = Debug;
		};
		E59B08E41B22974F009B50D4 /* Release */ = {
			isa = XCBuildConfiguration;
			buildSettings = {
				ALWAYS_SEARCH_USER_PATHS = NO;
				CLANG_CXX_LANGUAGE_STANDARD = "gnu++0x";
				CLANG_CXX_LIBRARY = "libc++";
				CLANG_ENABLE_MODULES = YES;
				CLANG_ENABLE_OBJC_ARC = YES;
				CLANG_WARN_BOOL_CONVERSION = YES;
				CLANG_WARN_CONSTANT_CONVERSION = YES;
				CLANG_WARN_DIRECT_OBJC_ISA_USAGE = YES_ERROR;
				CLANG_WARN_EMPTY_BODY = YES;
				CLANG_WARN_ENUM_CONVERSION = YES;
				CLANG_WARN_INT_CONVERSION = YES;
				CLANG_WARN_OBJC_ROOT_CLASS = YES_ERROR;
				CLANG_WARN_UNREACHABLE_CODE = YES;
				CLANG_WARN__DUPLICATE_METHOD_MATCH = YES;
				"CODE_SIGN_IDENTITY[sdk=iphoneos*]" = "iPhone Developer";
				COPY_PHASE_STRIP = NO;
				DEBUG_INFORMATION_FORMAT = "dwarf-with-dsym";
				ENABLE_NS_ASSERTIONS = NO;
				ENABLE_STRICT_OBJC_MSGSEND = YES;
				GCC_C_LANGUAGE_STANDARD = gnu99;
				GCC_NO_COMMON_BLOCKS = YES;
				GCC_WARN_64_TO_32_BIT_CONVERSION = YES;
				GCC_WARN_ABOUT_RETURN_TYPE = YES_ERROR;
				GCC_WARN_UNDECLARED_SELECTOR = YES;
				GCC_WARN_UNINITIALIZED_AUTOS = YES_AGGRESSIVE;
				GCC_WARN_UNUSED_FUNCTION = YES;
				GCC_WARN_UNUSED_VARIABLE = YES;
				IPHONEOS_DEPLOYMENT_TARGET = 8.3;
				MTL_ENABLE_DEBUG_INFO = NO;
				SDKROOT = iphoneos;
				TARGETED_DEVICE_FAMILY = "1,2";
				VALIDATE_PRODUCT = YES;
			};
			name = Release;
		};
		E59B08E61B22974F009B50D4 /* Debug */ = {
			isa = XCBuildConfiguration;
			buildSettings = {
				ASSETCATALOG_COMPILER_APPICON_NAME = AppIcon;
				CLANG_ENABLE_MODULES = YES;
				CODE_SIGN_IDENTITY = "iPhone Developer";
				"CODE_SIGN_IDENTITY[sdk=iphoneos*]" = "iPhone Developer";
				FRAMEWORK_SEARCH_PATHS = (
					"$(inherited)",
					"$(PROJECT_DIR)/GarageOpener",
				);
				INFOPLIST_FILE = GarageOpener/Info.plist;
				IPHONEOS_DEPLOYMENT_TARGET = 8.0;
				LD_RUNPATH_SEARCH_PATHS = "$(inherited) @executable_path/Frameworks";
				PRODUCT_NAME = "$(TARGET_NAME)";
				PROVISIONING_PROFILE = "";
				SWIFT_OBJC_BRIDGING_HEADER = "GarageOpener/GarageOpener-Bridging-Header.h";
				SWIFT_OPTIMIZATION_LEVEL = "-Onone";
			};
			name = Debug;
		};
		E59B08E71B22974F009B50D4 /* Release */ = {
			isa = XCBuildConfiguration;
			buildSettings = {
				ASSETCATALOG_COMPILER_APPICON_NAME = AppIcon;
				CLANG_ENABLE_MODULES = YES;
				CODE_SIGN_IDENTITY = "iPhone Developer";
				"CODE_SIGN_IDENTITY[sdk=iphoneos*]" = "iPhone Developer";
				FRAMEWORK_SEARCH_PATHS = (
					"$(inherited)",
					"$(PROJECT_DIR)/GarageOpener",
				);
				INFOPLIST_FILE = GarageOpener/Info.plist;
				IPHONEOS_DEPLOYMENT_TARGET = 8.0;
				LD_RUNPATH_SEARCH_PATHS = "$(inherited) @executable_path/Frameworks";
				PRODUCT_NAME = "$(TARGET_NAME)";
				PROVISIONING_PROFILE = "";
				SWIFT_OBJC_BRIDGING_HEADER = "GarageOpener/GarageOpener-Bridging-Header.h";
			};
			name = Release;
		};
		E59B08E91B22974F009B50D4 /* Debug */ = {
			isa = XCBuildConfiguration;
			buildSettings = {
				BUNDLE_LOADER = "$(TEST_HOST)";
				FRAMEWORK_SEARCH_PATHS = (
					"$(SDKROOT)/Developer/Library/Frameworks",
					"$(inherited)",
				);
				GCC_PREPROCESSOR_DEFINITIONS = (
					"DEBUG=1",
					"$(inherited)",
				);
				INFOPLIST_FILE = GarageOpenerTests/Info.plist;
				LD_RUNPATH_SEARCH_PATHS = "$(inherited) @executable_path/Frameworks @loader_path/Frameworks";
				PRODUCT_NAME = "$(TARGET_NAME)";
				TEST_HOST = "$(BUILT_PRODUCTS_DIR)/GarageOpener.app/GarageOpener";
			};
			name = Debug;
		};
		E59B08EA1B22974F009B50D4 /* Release */ = {
			isa = XCBuildConfiguration;
			buildSettings = {
				BUNDLE_LOADER = "$(TEST_HOST)";
				FRAMEWORK_SEARCH_PATHS = (
					"$(SDKROOT)/Developer/Library/Frameworks",
					"$(inherited)",
				);
				INFOPLIST_FILE = GarageOpenerTests/Info.plist;
				LD_RUNPATH_SEARCH_PATHS = "$(inherited) @executable_path/Frameworks @loader_path/Frameworks";
				PRODUCT_NAME = "$(TARGET_NAME)";
				TEST_HOST = "$(BUILT_PRODUCTS_DIR)/GarageOpener.app/GarageOpener";
			};
			name = Release;
		};
/* End XCBuildConfiguration section */

/* Begin XCConfigurationList section */
		E59B08BE1B22974F009B50D4 /* Build configuration list for PBXProject "GarageOpener" */ = {
			isa = XCConfigurationList;
			buildConfigurations = (
				E59B08E31B22974F009B50D4 /* Debug */,
				E59B08E41B22974F009B50D4 /* Release */,
			);
			defaultConfigurationIsVisible = 0;
			defaultConfigurationName = Release;
		};
		E59B08E51B22974F009B50D4 /* Build configuration list for PBXNativeTarget "GarageOpener" */ = {
			isa = XCConfigurationList;
			buildConfigurations = (
				E59B08E61B22974F009B50D4 /* Debug */,
				E59B08E71B22974F009B50D4 /* Release */,
			);
			defaultConfigurationIsVisible = 0;
			defaultConfigurationName = Release;
		};
		E59B08E81B22974F009B50D4 /* Build configuration list for PBXNativeTarget "GarageOpenerTests" */ = {
			isa = XCConfigurationList;
			buildConfigurations = (
				E59B08E91B22974F009B50D4 /* Debug */,
				E59B08EA1B22974F009B50D4 /* Release */,
			);
			defaultConfigurationIsVisible = 0;
			defaultConfigurationName = Release;
		};
/* End XCConfigurationList section */

/* Begin XCVersionGroup section */
		E59B08CA1B22974F009B50D4 /* GarageOpener.xcdatamodeld */ = {
			isa = XCVersionGroup;
			children = (
				E59B08CB1B22974F009B50D4 /* GarageOpener.xcdatamodel */,
			);
			currentVersion = E59B08CB1B22974F009B50D4 /* GarageOpener.xcdatamodel */;
			path = GarageOpener.xcdatamodeld;
			sourceTree = "<group>";
			versionGroupType = wrapper.xcdatamodel;
		};
/* End XCVersionGroup section */
	};
	rootObject = E59B08BB1B22974F009B50D4 /* Project object */;
}
